{
  "originHash" : "858f835ae1bfde1de417439c6edde17e6fc329a76773e9ef68c47af25c9a81bb",
  "pins" : [
    {
      "identity" : "codeeditorview",
      "kind" : "remoteSourceControl",
      "location" : "https://github.com/mchakravarty/CodeEditorView.git",
      "state" : {
        "revision" : "2b532411ae79520b973f1647e7ed51a6678d1188",
        "version" : "0.15.3"
      }
    },
    {
      "identity" : "devicenamekit",
      "kind" : "remoteSourceControl",
      "location" : "https://github.com/kimdaehee0824/DeviceNameKit",
      "state" : {
        "branch" : "main",
        "revision" : "5827663f1724c70b4ecfd4a33b3bcdfd391c234d"
      }
    },
    {
      "identity" : "rearrange",
      "kind" : "remoteSourceControl",
      "location" : "https://github.com/ChimeHQ/Rearrange.git",
      "state" : {
        "revision" : "5ff7f3363f7a08f77e0d761e38e6add31c2136e1",
        "version" : "1.8.1"
      }
    }
  ],
  "version" : 3
}
